PODS:
  - GPUImage (0.1.7)
  - Masonry (0.6.4)
  - SDWebImage (3.7.5):
    - SDWebImage/Core (= 3.7.5)
  - SDWebImage/Core (3.7.5)

DEPENDENCIES:
  - GPUImage
  - Masonry (~> 0.6.2)
  - SDWebImage (~> 3.7)

SPEC CHECKSUMS:
  GPUImage: 733a5f0fab92df9de1c37ba9df520a833ccb406d
  Masonry: 281802d04d787ea2973179ee8bcb50500579ede2
  SDWebImage: 69c6303e3348fba97e03f65d65d4fbc26740f461

PODFILE CHECKSUM: 6b6a318220b95d6583822c70825049772c46cdc1

COCOAPODS: 1.0.1
